
Microsoft Visual Studio Solution File, Format Version 12.00
# Visual Studio 14
VisualStudioVersion = 14.0.25420.1
MinimumVisualStudioVersion = 10.0.40219.1
Project("{FAE04EC0-301F-11D3-BF4B-00C04F79EFBC}") = "1. Blank Receipt", "1. Blank Receipt\1. Blank Receipt.csproj", "{44AA3202-3198-420F-AC21-35D58DF91642}"
EndProject
Project("{FAE04EC0-301F-11D3-BF4B-00C04F79EFBC}") = "2. Sign of Integer Number", "2. Sign of Integer Number\2. Sign of Integer Number.csproj", "{2DD28777-28F1-4045-99FF-6EED6271947F}"
EndProject
Project("{FAE04EC0-301F-11D3-BF4B-00C04F79EFBC}") = "3. Printing Triangle", "3. Printing Triangle\3. Printing Triangle.csproj", "{FFB0F968-419A-4363-B396-FFC552E3B962}"
EndProject
Project("{FAE04EC0-301F-11D3-BF4B-00C04F79EFBC}") = "4. Draw a Filled Square", "4. Draw a Filled Square\4. Draw a Filled Square.csproj", "{76DF2C8A-DA96-4813-9D09-04CBB3AF7DCF}"
EndProject
Project("{FAE04EC0-301F-11D3-BF4B-00C04F79EFBC}") = "5. Calculate Triangle Area", "5. Calculate Triangle Area\5. Calculate Triangle Area.csproj", "{2CF54355-DC5D-4FB5-8825-7401C2A2DA83}"
EndProject
Project("{FAE04EC0-301F-11D3-BF4B-00C04F79EFBC}") = "6. Math Power", "6. Math Power\6. Math Power.csproj", "{C846A380-074F-485C-A1E1-269E76A8628C}"
EndProject
Project("{FAE04EC0-301F-11D3-BF4B-00C04F79EFBC}") = "7. Greater of Two Values", "7. Greater of Two Values\7. Greater of Two Values.csproj", "{99D9C407-3D83-46FA-9811-ABAB669A959B}"
EndProject
Project("{FAE04EC0-301F-11D3-BF4B-00C04F79EFBC}") = "8. Multiply Evens by Odds", "8. Multiply Evens by Odds\8. Multiply Evens by Odds.csproj", "{F63FDD2B-4789-44B2-B0B2-FFCC6291071A}"
EndProject
Project("{FAE04EC0-301F-11D3-BF4B-00C04F79EFBC}") = "9.Refractor - Holidays Between Two Dates", "9.Refractor - Holidays Between Two Dates\9.Refractor - Holidays Between Two Dates.csproj", "{2CD29115-0BC1-4F77-B6A1-820A8E4C98ED}"
EndProject
Project("{FAE04EC0-301F-11D3-BF4B-00C04F79EFBC}") = "10.Price Change Alert", "10.Price Change Alert\10.Price Change Alert.csproj", "{272DA276-9A94-4F0C-86F6-D5E82A7C7DCD}"
EndProject
Global
	GlobalSection(SolutionConfigurationPlatforms) = preSolution
		Debug|Any CPU = Debug|Any CPU
		Release|Any CPU = Release|Any CPU
	EndGlobalSection
	GlobalSection(ProjectConfigurationPlatforms) = postSolution
		{44AA3202-3198-420F-AC21-35D58DF91642}.Debug|Any CPU.ActiveCfg = Debug|Any CPU
		{44AA3202-3198-420F-AC21-35D58DF91642}.Debug|Any CPU.Build.0 = Debug|Any CPU
		{44AA3202-3198-420F-AC21-35D58DF91642}.Release|Any CPU.ActiveCfg = Release|Any CPU
		{44AA3202-3198-420F-AC21-35D58DF91642}.Release|Any CPU.Build.0 = Release|Any CPU
		{2DD28777-28F1-4045-99FF-6EED6271947F}.Debug|Any CPU.ActiveCfg = Debug|Any CPU
		{2DD28777-28F1-4045-99FF-6EED6271947F}.Debug|Any CPU.Build.0 = Debug|Any CPU
		{2DD28777-28F1-4045-99FF-6EED6271947F}.Release|Any CPU.ActiveCfg = Release|Any CPU
		{2DD28777-28F1-4045-99FF-6EED6271947F}.Release|Any CPU.Build.0 = Release|Any CPU
		{FFB0F968-419A-4363-B396-FFC552E3B962}.Debug|Any CPU.ActiveCfg = Debug|Any CPU
		{FFB0F968-419A-4363-B396-FFC552E3B962}.Debug|Any CPU.Build.0 = Debug|Any CPU
		{FFB0F968-419A-4363-B396-FFC552E3B962}.Release|Any CPU.ActiveCfg = Release|Any CPU
		{FFB0F968-419A-4363-B396-FFC552E3B962}.Release|Any CPU.Build.0 = Release|Any CPU
		{76DF2C8A-DA96-4813-9D09-04CBB3AF7DCF}.Debug|Any CPU.ActiveCfg = Debug|Any CPU
		{76DF2C8A-DA96-4813-9D09-04CBB3AF7DCF}.Debug|Any CPU.Build.0 = Debug|Any CPU
		{76DF2C8A-DA96-4813-9D09-04CBB3AF7DCF}.Release|Any CPU.ActiveCfg = Release|Any CPU
		{76DF2C8A-DA96-4813-9D09-04CBB3AF7DCF}.Release|Any CPU.Build.0 = Release|Any CPU
		{2CF54355-DC5D-4FB5-8825-7401C2A2DA83}.Debug|Any CPU.ActiveCfg = Debug|Any CPU
		{2CF54355-DC5D-4FB5-8825-7401C2A2DA83}.Debug|Any CPU.Build.0 = Debug|Any CPU
		{2CF54355-DC5D-4FB5-8825-7401C2A2DA83}.Release|Any CPU.ActiveCfg = Release|Any CPU
		{2CF54355-DC5D-4FB5-8825-7401C2A2DA83}.Release|Any CPU.Build.0 = Release|Any CPU
		{C846A380-074F-485C-A1E1-269E76A8628C}.Debug|Any CPU.ActiveCfg = Debug|Any CPU
		{C846A380-074F-485C-A1E1-269E76A8628C}.Debug|Any CPU.Build.0 = Debug|Any CPU
		{C846A380-074F-485C-A1E1-269E76A8628C}.Release|Any CPU.ActiveCfg = Release|Any CPU
		{C846A380-074F-485C-A1E1-269E76A8628C}.Release|Any CPU.Build.0 = Release|Any CPU
		{99D9C407-3D83-46FA-9811-ABAB669A959B}.Debug|Any CPU.ActiveCfg = Debug|Any CPU
		{99D9C407-3D83-46FA-9811-ABAB669A959B}.Debug|Any CPU.Build.0 = Debug|Any CPU
		{99D9C407-3D83-46FA-9811-ABAB669A959B}.Release|Any CPU.ActiveCfg = Release|Any CPU
		{99D9C407-3D83-46FA-9811-ABAB669A959B}.Release|Any CPU.Build.0 = Release|Any CPU
		{F63FDD2B-4789-44B2-B0B2-FFCC6291071A}.Debug|Any CPU.ActiveCfg = Debug|Any CPU
		{F63FDD2B-4789-44B2-B0B2-FFCC6291071A}.Debug|Any CPU.Build.0 = Debug|Any CPU
		{F63FDD2B-4789-44B2-B0B2-FFCC6291071A}.Release|Any CPU.ActiveCfg = Release|Any CPU
		{F63FDD2B-4789-44B2-B0B2-FFCC6291071A}.Release|Any CPU.Build.0 = Release|Any CPU
		{2CD29115-0BC1-4F77-B6A1-820A8E4C98ED}.Debug|Any CPU.ActiveCfg = Debug|Any CPU
		{2CD29115-0BC1-4F77-B6A1-820A8E4C98ED}.Debug|Any CPU.Build.0 = Debug|Any CPU
		{2CD29115-0BC1-4F77-B6A1-820A8E4C98ED}.Release|Any CPU.ActiveCfg = Release|Any CPU
		{2CD29115-0BC1-4F77-B6A1-820A8E4C98ED}.Release|Any CPU.Build.0 = Release|Any CPU
		{272DA276-9A94-4F0C-86F6-D5E82A7C7DCD}.Debug|Any CPU.ActiveCfg = Debug|Any CPU
		{272DA276-9A94-4F0C-86F6-D5E82A7C7DCD}.Debug|Any CPU.Build.0 = Debug|Any CPU
		{272DA276-9A94-4F0C-86F6-D5E82A7C7DCD}.Release|Any CPU.ActiveCfg = Release|Any CPU
		{272DA276-9A94-4F0C-86F6-D5E82A7C7DCD}.Release|Any CPU.Build.0 = Release|Any CPU
	EndGlobalSection
	GlobalSection(SolutionProperties) = preSolution
		HideSolutionNode = FALSE
	EndGlobalSection
EndGlobal
