
Microsoft Visual Studio Solution File, Format Version 12.00
# Visual Studio 14
VisualStudioVersion = 14.0.25420.1
MinimumVisualStudioVersion = 10.0.40219.1
Project("{FAE04EC0-301F-11D3-BF4B-00C04F79EFBC}") = "1. Hello, Name!", "1. Hello, Name!\1. Hello, Name!.csproj", "{1AA4116C-BB58-48CB-8673-F02C1F480253}"
EndProject
Global
	GlobalSection(SolutionConfigurationPlatforms) = preSolution
		Debug|Any CPU = Debug|Any CPU
		Release|Any CPU = Release|Any CPU
	EndGlobalSection
	GlobalSection(ProjectConfigurationPlatforms) = postSolution
		{1AA4116C-BB58-48CB-8673-F02C1F480253}.Debug|Any CPU.ActiveCfg = Debug|Any CPU
		{1AA4116C-BB58-48CB-8673-F02C1F480253}.Debug|Any CPU.Build.0 = Debug|Any CPU
		{1AA4116C-BB58-48CB-8673-F02C1F480253}.Release|Any CPU.ActiveCfg = Release|Any CPU
		{1AA4116C-BB58-48CB-8673-F02C1F480253}.Release|Any CPU.Build.0 = Release|Any CPU
	EndGlobalSection
	GlobalSection(SolutionProperties) = preSolution
		HideSolutionNode = FALSE
	EndGlobalSection
EndGlobal
